
Microsoft Visual Studio Solution File, Format Version 12.00
# Visual Studio 15
VisualStudioVersion = 15.0.28307.1972
MinimumVisualStudioVersion = 10.0.40219.1
Project("{FAE04EC0-301F-11D3-BF4B-00C04F79EFBC}") = "PWHasherToxic", "PWHasherToxic\PWHasherToxic.csproj", "{4A6123D4-73E8-48AC-B7C3-40D9AF0B8C80}"
EndProject
Global
	GlobalSection(SolutionConfigurationPlatforms) = preSolution
		Debug|Any CPU = Debug|Any CPU
		Release|Any CPU = Release|Any CPU
	EndGlobalSection
	GlobalSection(ProjectConfigurationPlatforms) = postSolution
		{4A6123D4-73E8-48AC-B7C3-40D9AF0B8C80}.Debug|Any CPU.ActiveCfg = Debug|Any CPU
		{4A6123D4-73E8-48AC-B7C3-40D9AF0B8C80}.Debug|Any CPU.Build.0 = Debug|Any CPU
		{4A6123D4-73E8-48AC-B7C3-40D9AF0B8C80}.Release|Any CPU.ActiveCfg = Release|Any CPU
		{4A6123D4-73E8-48AC-B7C3-40D9AF0B8C80}.Release|Any CPU.Build.0 = Release|Any CPU
	EndGlobalSection
	GlobalSection(SolutionProperties) = preSolution
		HideSolutionNode = FALSE
	EndGlobalSection
	GlobalSection(ExtensibilityGlobals) = postSolution
		SolutionGuid = {79AB8E8E-4EA1-4D8D-BCD9-78979130CB51}
	EndGlobalSection
EndGlobal
